
Microsoft Visual Studio Solution File, Format Version 12.00
# Visual Studio Version 16
VisualStudioVersion = 16.0.30114.105
MinimumVisualStudioVersion = 10.0.40219.1
Project("{FAE04EC0-301F-11D3-BF4B-00C04F79EFBC}") = "MyTree", "MyTree\MyTree.csproj", "{C5DF121C-85EB-449F-9231-853D9AC593BC}"
EndProject
Global
	GlobalSection(SolutionConfigurationPlatforms) = preSolution
		Debug|Any CPU = Debug|Any CPU
		Release|Any CPU = Release|Any CPU
	EndGlobalSection
	GlobalSection(ProjectConfigurationPlatforms) = postSolution
		{C5DF121C-85EB-449F-9231-853D9AC593BC}.Debug|Any CPU.ActiveCfg = Debug|Any CPU
		{C5DF121C-85EB-449F-9231-853D9AC593BC}.Debug|Any CPU.Build.0 = Debug|Any CPU
		{C5DF121C-85EB-449F-9231-853D9AC593BC}.Release|Any CPU.ActiveCfg = Release|Any CPU
		{C5DF121C-85EB-449F-9231-853D9AC593BC}.Release|Any CPU.Build.0 = Release|Any CPU
	EndGlobalSection
	GlobalSection(SolutionProperties) = preSolution
		HideSolutionNode = FALSE
	EndGlobalSection
	GlobalSection(ExtensibilityGlobals) = postSolution
		SolutionGuid = {D45213DA-50E5-4D3E-B08A-2CAC65776D13}
	EndGlobalSection
EndGlobal
